// !$*UTF8*$!
{
	archiveVersion = 1;
	classes = {
	};
	objectVersion = 50;
	objects = {

/* Begin PBXBuildFile section */
		F089F9BC21E8BCA4005D0D16 /* test.txt in Resources */ = {isa = PBXBuildFile; fileRef = F089F9BB21E8BCA4005D0D16 /* test.txt */; };
		F089F9BF21E8DE10005D0D16 /* Commands.swift in Sources */ = {isa = PBXBuildFile; fileRef = F089F9BE21E8DE10005D0D16 /* Commands.swift */; };
		F089F9C021E8DE5B005D0D16 /* Commands.swift in Sources */ = {isa = PBXBuildFile; fileRef = F089F9BE21E8DE10005D0D16 /* Commands.swift */; };
		F089F9C221E8E3E3005D0D16 /* empty.txt in Resources */ = {isa = PBXBuildFile; fileRef = F089F9C121E8E3E3005D0D16 /* empty.txt */; };
		F089F9C621E8EBA7005D0D16 /* MarsTests.swift in Sources */ = {isa = PBXBuildFile; fileRef = F089F9C521E8EBA7005D0D16 /* MarsTests.swift */; };
		F089F9C821E8ECBF005D0D16 /* Mars.swift in Sources */ = {isa = PBXBuildFile; fileRef = F089F9C721E8ECBF005D0D16 /* Mars.swift */; };
		F089F9C921E8ECDC005D0D16 /* Mars.swift in Sources */ = {isa = PBXBuildFile; fileRef = F089F9C721E8ECBF005D0D16 /* Mars.swift */; };
		F089F9CB21E902C9005D0D16 /* RobotTests.swift in Sources */ = {isa = PBXBuildFile; fileRef = F089F9CA21E902C9005D0D16 /* RobotTests.swift */; };
		F089F9CD21E903E7005D0D16 /* Robot.swift in Sources */ = {isa = PBXBuildFile; fileRef = F089F9CC21E903E7005D0D16 /* Robot.swift */; };
		F089F9CE21E90429005D0D16 /* Robot.swift in Sources */ = {isa = PBXBuildFile; fileRef = F089F9CC21E903E7005D0D16 /* Robot.swift */; };
		F08CE61221E8AC6600425ACA /* main.swift in Sources */ = {isa = PBXBuildFile; fileRef = F08CE61121E8AC6600425ACA /* main.swift */; };
		F08CE62521E8AFDC00425ACA /* FileReaderTests.swift in Sources */ = {isa = PBXBuildFile; fileRef = F08CE62421E8AFDC00425ACA /* FileReaderTests.swift */; };
		F08CE62821E8B1D500425ACA /* FileReader.swift in Sources */ = {isa = PBXBuildFile; fileRef = F08CE62721E8B1D500425ACA /* FileReader.swift */; };
		F08CE62921E8B36100425ACA /* FileReader.swift in Sources */ = {isa = PBXBuildFile; fileRef = F08CE62721E8B1D500425ACA /* FileReader.swift */; };
/* End PBXBuildFile section */

/* Begin PBXCopyFilesBuildPhase section */
		F08CE60C21E8AC6600425ACA /* CopyFiles */ = {
			isa = PBXCopyFilesBuildPhase;
			buildActionMask = 2147483647;
			dstPath = /usr/share/man/man1/;
			dstSubfolderSpec = 0;
			files = (
			);
			runOnlyForDeploymentPostprocessing = 1;
		};
/* End PBXCopyFilesBuildPhase section */

/* Begin PBXFileReference section */
		F089F9BB21E8BCA4005D0D16 /* test.txt */ = {isa = PBXFileReference; lastKnownFileType = text; path = test.txt; sourceTree = "<group>"; };
		F089F9BE21E8DE10005D0D16 /* Commands.swift */ = {isa = PBXFileReference; lastKnownFileType = sourcecode.swift; path = Commands.swift; sourceTree = "<group>"; };
		F089F9C121E8E3E3005D0D16 /* empty.txt */ = {isa = PBXFileReference; lastKnownFileType = text; path = empty.txt; sourceTree = "<group>"; };
		F089F9C521E8EBA7005D0D16 /* MarsTests.swift */ = {isa = PBXFileReference; lastKnownFileType = sourcecode.swift; path = MarsTests.swift; sourceTree = "<group>"; };
		F089F9C721E8ECBF005D0D16 /* Mars.swift */ = {isa = PBXFileReference; lastKnownFileType = sourcecode.swift; path = Mars.swift; sourceTree = "<group>"; };
		F089F9CA21E902C9005D0D16 /* RobotTests.swift */ = {isa = PBXFileReference; lastKnownFileType = sourcecode.swift; path = RobotTests.swift; sourceTree = "<group>"; };
		F089F9CC21E903E7005D0D16 /* Robot.swift */ = {isa = PBXFileReference; lastKnownFileType = sourcecode.swift; path = Robot.swift; sourceTree = "<group>"; };
		F089F9D021E96640005D0D16 /* Input.txt */ = {isa = PBXFileReference; lastKnownFileType = text; path = Input.txt; sourceTree = "<group>"; };
		F08CE60E21E8AC6600425ACA /* RedBadger */ = {isa = PBXFileReference; explicitFileType = "compiled.mach-o.executable"; includeInIndex = 0; path = RedBadger; sourceTree = BUILT_PRODUCTS_DIR; };
		F08CE61121E8AC6600425ACA /* main.swift */ = {isa = PBXFileReference; lastKnownFileType = sourcecode.swift; path = main.swift; sourceTree = "<group>"; };
		F08CE61C21E8ADDE00425ACA /* RedBadgerTests.xctest */ = {isa = PBXFileReference; explicitFileType = wrapper.cfbundle; includeInIndex = 0; path = RedBadgerTests.xctest; sourceTree = BUILT_PRODUCTS_DIR; };
		F08CE62021E8ADDE00425ACA /* Info.plist */ = {isa = PBXFileReference; lastKnownFileType = text.plist.xml; path = Info.plist; sourceTree = "<group>"; };
		F08CE62421E8AFDC00425ACA /* FileReaderTests.swift */ = {isa = PBXFileReference; lastKnownFileType = sourcecode.swift; path = FileReaderTests.swift; sourceTree = "<group>"; };
		F08CE62721E8B1D500425ACA /* FileReader.swift */ = {isa = PBXFileReference; lastKnownFileType = sourcecode.swift; path = FileReader.swift; sourceTree = "<group>"; };
/* End PBXFileReference section */

/* Begin PBXFrameworksBuildPhase section */
		F08CE60B21E8AC6600425ACA /* Frameworks */ = {
			isa = PBXFrameworksBuildPhase;
			buildActionMask = 2147483647;
			files = (
			);
			runOnlyForDeploymentPostprocessing = 0;
		};
		F08CE61921E8ADDE00425ACA /* Frameworks */ = {
			isa = PBXFrameworksBuildPhase;
			buildActionMask = 2147483647;
			files = (
			);
			runOnlyForDeploymentPostprocessing = 0;
		};
/* End PBXFrameworksBuildPhase section */

/* Begin PBXGroup section */
		F089F9BA21E8BC80005D0D16 /* Test Fixtures */ = {
			isa = PBXGroup;
			children = (
				F089F9BB21E8BCA4005D0D16 /* test.txt */,
				F089F9C121E8E3E3005D0D16 /* empty.txt */,
			);
			path = "Test Fixtures";
			sourceTree = "<group>";
		};
		F089F9BD21E8DBFD005D0D16 /* Models */ = {
			isa = PBXGroup;
			children = (
				F089F9BE21E8DE10005D0D16 /* Commands.swift */,
				F089F9C721E8ECBF005D0D16 /* Mars.swift */,
				F089F9CC21E903E7005D0D16 /* Robot.swift */,
			);
			path = Models;
			sourceTree = "<group>";
		};
		F089F9CF21E96624005D0D16 /* Input */ = {
			isa = PBXGroup;
			children = (
				F089F9D021E96640005D0D16 /* Input.txt */,
			);
			path = Input;
			sourceTree = "<group>";
		};
		F08CE60521E8AC6600425ACA = {
			isa = PBXGroup;
			children = (
				F08CE61021E8AC6600425ACA /* RedBadger */,
				F08CE61D21E8ADDE00425ACA /* RedBadgerTests */,
				F08CE60F21E8AC6600425ACA /* Products */,
			);
			sourceTree = "<group>";
		};
		F08CE60F21E8AC6600425ACA /* Products */ = {
			isa = PBXGroup;
			children = (
				F08CE60E21E8AC6600425ACA /* RedBadger */,
				F08CE61C21E8ADDE00425ACA /* RedBadgerTests.xctest */,
			);
			name = Products;
			sourceTree = "<group>";
		};
		F08CE61021E8AC6600425ACA /* RedBadger */ = {
			isa = PBXGroup;
			children = (
				F089F9CF21E96624005D0D16 /* Input */,
				F089F9BD21E8DBFD005D0D16 /* Models */,
				F08CE62621E8B1A100425ACA /* FileReader */,
				F08CE61121E8AC6600425ACA /* main.swift */,
			);
			path = RedBadger;
			sourceTree = "<group>";
		};
		F08CE61D21E8ADDE00425ACA /* RedBadgerTests */ = {
			isa = PBXGroup;
			children = (
				F089F9BA21E8BC80005D0D16 /* Test Fixtures */,
				F08CE62021E8ADDE00425ACA /* Info.plist */,
				F08CE62421E8AFDC00425ACA /* FileReaderTests.swift */,
				F089F9C521E8EBA7005D0D16 /* MarsTests.swift */,
				F089F9CA21E902C9005D0D16 /* RobotTests.swift */,
			);
			path = RedBadgerTests;
			sourceTree = "<group>";
		};
		F08CE62621E8B1A100425ACA /* FileReader */ = {
			isa = PBXGroup;
			children = (
				F08CE62721E8B1D500425ACA /* FileReader.swift */,
			);
			path = FileReader;
			sourceTree = "<group>";
		};
/* End PBXGroup section */

/* Begin PBXNativeTarget section */
		F08CE60D21E8AC6600425ACA /* RedBadger */ = {
			isa = PBXNativeTarget;
			buildConfigurationList = F08CE61521E8AC6600425ACA /* Build configuration list for PBXNativeTarget "RedBadger" */;
			buildPhases = (
				F08CE60A21E8AC6600425ACA /* Sources */,
				F08CE60B21E8AC6600425ACA /* Frameworks */,
				F08CE60C21E8AC6600425ACA /* CopyFiles */,
			);
			buildRules = (
			);
			dependencies = (
			);
			name = RedBadger;
			productName = RedBadger;
			productReference = F08CE60E21E8AC6600425ACA /* RedBadger */;
			productType = "com.apple.product-type.tool";
		};
		F08CE61B21E8ADDE00425ACA /* RedBadgerTests */ = {
			isa = PBXNativeTarget;
			buildConfigurationList = F08CE62121E8ADDE00425ACA /* Build configuration list for PBXNativeTarget "RedBadgerTests" */;
			buildPhases = (
				F08CE61821E8ADDE00425ACA /* Sources */,
				F08CE61921E8ADDE00425ACA /* Frameworks */,
				F08CE61A21E8ADDE00425ACA /* Resources */,
			);
			buildRules = (
			);
			dependencies = (
			);
			name = RedBadgerTests;
			productName = RedBadgerTests;
			productReference = F08CE61C21E8ADDE00425ACA /* RedBadgerTests.xctest */;
			productType = "com.apple.product-type.bundle.unit-test";
		};
/* End PBXNativeTarget section */

/* Begin PBXProject section */
		F08CE60621E8AC6600425ACA /* Project object */ = {
			isa = PBXProject;
			attributes = {
				LastSwiftUpdateCheck = 1010;
				LastUpgradeCheck = 1010;
				ORGANIZATIONNAME = IronworksMediaLimited;
				TargetAttributes = {
					F08CE60D21E8AC6600425ACA = {
						CreatedOnToolsVersion = 10.1;
					};
					F08CE61B21E8ADDE00425ACA = {
						CreatedOnToolsVersion = 10.1;
						LastSwiftMigration = 1010;
					};
				};
			};
			buildConfigurationList = F08CE60921E8AC6600425ACA /* Build configuration list for PBXProject "RedBadger" */;
			compatibilityVersion = "Xcode 9.3";
			developmentRegion = en;
			hasScannedForEncodings = 0;
			knownRegions = (
				en,
			);
			mainGroup = F08CE60521E8AC6600425ACA;
			productRefGroup = F08CE60F21E8AC6600425ACA /* Products */;
			projectDirPath = "";
			projectRoot = "";
			targets = (
				F08CE60D21E8AC6600425ACA /* RedBadger */,
				F08CE61B21E8ADDE00425ACA /* RedBadgerTests */,
			);
		};
/* End PBXProject section */

/* Begin PBXResourcesBuildPhase section */
		F08CE61A21E8ADDE00425ACA /* Resources */ = {
			isa = PBXResourcesBuildPhase;
			buildActionMask = 2147483647;
			files = (
				F089F9C221E8E3E3005D0D16 /* empty.txt in Resources */,
				F089F9BC21E8BCA4005D0D16 /* test.txt in Resources */,
			);
			runOnlyForDeploymentPostprocessing = 0;
		};
/* End PBXResourcesBuildPhase section */

/* Begin PBXSourcesBuildPhase section */
		F08CE60A21E8AC6600425ACA /* Sources */ = {
			isa = PBXSourcesBuildPhase;
			buildActionMask = 2147483647;
			files = (
				F089F9CD21E903E7005D0D16 /* Robot.swift in Sources */,
				F089F9C821E8ECBF005D0D16 /* Mars.swift in Sources */,
				F08CE62821E8B1D500425ACA /* FileReader.swift in Sources */,
				F089F9BF21E8DE10005D0D16 /* Commands.swift in Sources */,
				F08CE61221E8AC6600425ACA /* main.swift in Sources */,
			);
			runOnlyForDeploymentPostprocessing = 0;
		};
		F08CE61821E8ADDE00425ACA /* Sources */ = {
			isa = PBXSourcesBuildPhase;
			buildActionMask = 2147483647;
			files = (
				F089F9C621E8EBA7005D0D16 /* MarsTests.swift in Sources */,
				F08CE62921E8B36100425ACA /* FileReader.swift in Sources */,
				F089F9CE21E90429005D0D16 /* Robot.swift in Sources */,
				F089F9C021E8DE5B005D0D16 /* Commands.swift in Sources */,
				F08CE62521E8AFDC00425ACA /* FileReaderTests.swift in Sources */,
				F089F9CB21E902C9005D0D16 /* RobotTests.swift in Sources */,
				F089F9C921E8ECDC005D0D16 /* Mars.swift in Sources */,
			);
			runOnlyForDeploymentPostprocessing = 0;
		};
/* End PBXSourcesBuildPhase section */

/* Begin XCBuildConfiguration section */
		F08CE61321E8AC6600425ACA /* Debug */ = {
			isa = XCBuildConfiguration;
			buildSettings = {
				ALWAYS_SEARCH_USER_PATHS = NO;
				CLANG_ANALYZER_NONNULL = YES;
				CLANG_ANALYZER_NUMBER_OBJECT_CONVERSION = YES_AGGRESSIVE;
				CLANG_CXX_LANGUAGE_STANDARD = "gnu++14";
				CLANG_CXX_LIBRARY = "libc++";
				CLANG_ENABLE_MODULES = YES;
				CLANG_ENABLE_OBJC_ARC = YES;
				CLANG_ENABLE_OBJC_WEAK = YES;
				CLANG_WARN_BLOCK_CAPTURE_AUTORELEASING = YES;
				CLANG_WARN_BOOL_CONVERSION = YES;
				CLANG_WARN_COMMA = YES;
				CLANG_WARN_CONSTANT_CONVERSION = YES;
				CLANG_WARN_DEPRECATED_OBJC_IMPLEMENTATIONS = YES;
				CLANG_WARN_DIRECT_OBJC_ISA_USAGE = YES_ERROR;
				CLANG_WARN_DOCUMENTATION_COMMENTS = YES;
				CLANG_WARN_EMPTY_BODY = YES;
				CLANG_WARN_ENUM_CONVERSION = YES;
				CLANG_WARN_INFINITE_RECURSION = YES;
				CLANG_WARN_INT_CONVERSION = YES;
				CLANG_WARN_NON_LITERAL_NULL_CONVERSION = YES;
				CLANG_WARN_OBJC_IMPLICIT_RETAIN_SELF = YES;
				CLANG_WARN_OBJC_LITERAL_CONVERSION = YES;
				CLANG_WARN_OBJC_ROOT_CLASS = YES_ERROR;
				CLANG_WARN_RANGE_LOOP_ANALYSIS = YES;
				CLANG_WARN_STRICT_PROTOTYPES = YES;
				CLANG_WARN_SUSPICIOUS_MOVE = YES;
				CLANG_WARN_UNGUARDED_AVAILABILITY = YES_AGGRESSIVE;
				CLANG_WARN_UNREACHABLE_CODE = YES;
				CLANG_WARN__DUPLICATE_METHOD_MATCH = YES;
				CODE_SIGN_IDENTITY = "-";
				COPY_PHASE_STRIP = NO;
				DEBUG_INFORMATION_FORMAT = dwarf;
				ENABLE_STRICT_OBJC_MSGSEND = YES;
				ENABLE_TESTABILITY = YES;
				GCC_C_LANGUAGE_STANDARD = gnu11;
				GCC_DYNAMIC_NO_PIC = NO;
				GCC_NO_COMMON_BLOCKS = YES;
				GCC_OPTIMIZATION_LEVEL = 0;
				GCC_PREPROCESSOR_DEFINITIONS = (
					"DEBUG=1",
					"$(inherited)",
				);
				GCC_WARN_64_TO_32_BIT_CONVERSION = YES;
				GCC_WARN_ABOUT_RETURN_TYPE = YES_ERROR;
				GCC_WARN_UNDECLARED_SELECTOR = YES;
				GCC_WARN_UNINITIALIZED_AUTOS = YES_AGGRESSIVE;
				GCC_WARN_UNUSED_FUNCTION = YES;
				GCC_WARN_UNUSED_VARIABLE = YES;
				MACOSX_DEPLOYMENT_TARGET = 10.14;
				MTL_ENABLE_DEBUG_INFO = INCLUDE_SOURCE;
				MTL_FAST_MATH = YES;
				ONLY_ACTIVE_ARCH = YES;
				SDKROOT = macosx;
				SWIFT_ACTIVE_COMPILATION_CONDITIONS = DEBUG;
				SWIFT_OPTIMIZATION_LEVEL = "-Onone";
			};
			name = Debug;
		};
		F08CE61421E8AC6600425ACA /* Release */ = {
			isa = XCBuildConfiguration;
			buildSettings = {
				ALWAYS_SEARCH_USER_PATHS = NO;
				CLANG_ANALYZER_NONNULL = YES;
				CLANG_ANALYZER_NUMBER_OBJECT_CONVERSION = YES_AGGRESSIVE;
				CLANG_CXX_LANGUAGE_STANDARD = "gnu++14";
				CLANG_CXX_LIBRARY = "libc++";
				CLANG_ENABLE_MODULES = YES;
				CLANG_ENABLE_OBJC_ARC = YES;
				CLANG_ENABLE_OBJC_WEAK = YES;
				CLANG_WARN_BLOCK_CAPTURE_AUTORELEASING = YES;
				CLANG_WARN_BOOL_CONVERSION = YES;
				CLANG_WARN_COMMA = YES;
				CLANG_WARN_CONSTANT_CONVERSION = YES;
				CLANG_WARN_DEPRECATED_OBJC_IMPLEMENTATIONS = YES;
				CLANG_WARN_DIRECT_OBJC_ISA_USAGE = YES_ERROR;
				CLANG_WARN_DOCUMENTATION_COMMENTS = YES;
				CLANG_WARN_EMPTY_BODY = YES;
				CLANG_WARN_ENUM_CONVERSION = YES;
				CLANG_WARN_INFINITE_RECURSION = YES;
				CLANG_WARN_INT_CONVERSION = YES;
				CLANG_WARN_NON_LITERAL_NULL_CONVERSION = YES;
				CLANG_WARN_OBJC_IMPLICIT_RETAIN_SELF = YES;
				CLANG_WARN_OBJC_LITERAL_CONVERSION = YES;
				CLANG_WARN_OBJC_ROOT_CLASS = YES_ERROR;
				CLANG_WARN_RANGE_LOOP_ANALYSIS = YES;
				CLANG_WARN_STRICT_PROTOTYPES = YES;
				CLANG_WARN_SUSPICIOUS_MOVE = YES;
				CLANG_WARN_UNGUARDED_AVAILABILITY = YES_AGGRESSIVE;
				CLANG_WARN_UNREACHABLE_CODE = YES;
				CLANG_WARN__DUPLICATE_METHOD_MATCH = YES;
				CODE_SIGN_IDENTITY = "-";
				COPY_PHASE_STRIP = NO;
				DEBUG_INFORMATION_FORMAT = "dwarf-with-dsym";
				ENABLE_NS_ASSERTIONS = NO;
				ENABLE_STRICT_OBJC_MSGSEND = YES;
				GCC_C_LANGUAGE_STANDARD = gnu11;
				GCC_NO_COMMON_BLOCKS = YES;
				GCC_WARN_64_TO_32_BIT_CONVERSION = YES;
				GCC_WARN_ABOUT_RETURN_TYPE = YES_ERROR;
				GCC_WARN_UNDECLARED_SELECTOR = YES;
				GCC_WARN_UNINITIALIZED_AUTOS = YES_AGGRESSIVE;
				GCC_WARN_UNUSED_FUNCTION = YES;
				GCC_WARN_UNUSED_VARIABLE = YES;
				MACOSX_DEPLOYMENT_TARGET = 10.14;
				MTL_ENABLE_DEBUG_INFO = NO;
				MTL_FAST_MATH = YES;
				SDKROOT = macosx;
				SWIFT_COMPILATION_MODE = wholemodule;
				SWIFT_OPTIMIZATION_LEVEL = "-O";
			};
			name = Release;
		};
		F08CE61621E8AC6600425ACA /* Debug */ = {
			isa = XCBuildConfiguration;
			buildSettings = {
				CODE_SIGN_STYLE = Automatic;
				PRODUCT_NAME = "$(TARGET_NAME)";
				SWIFT_VERSION = 4.2;
			};
			name = Debug;
		};
		F08CE61721E8AC6600425ACA /* Release */ = {
			isa = XCBuildConfiguration;
			buildSettings = {
				CODE_SIGN_STYLE = Automatic;
				PRODUCT_NAME = "$(TARGET_NAME)";
				SWIFT_VERSION = 4.2;
			};
			name = Release;
		};
		F08CE62221E8ADDE00425ACA /* Debug */ = {
			isa = XCBuildConfiguration;
			buildSettings = {
				CLANG_ENABLE_MODULES = YES;
				CODE_SIGN_STYLE = Automatic;
				COMBINE_HIDPI_IMAGES = YES;
				INFOPLIST_FILE = RedBadgerTests/Info.plist;
				LD_RUNPATH_SEARCH_PATHS = (
					"$(inherited)",
					"@executable_path/../Frameworks",
					"@loader_path/../Frameworks",
				);
				PRODUCT_BUNDLE_IDENTIFIER = uk.co.ironworksMediaLimited.RedBadgerTests;
				PRODUCT_NAME = "$(TARGET_NAME)";
				SWIFT_OPTIMIZATION_LEVEL = "-Onone";
				SWIFT_VERSION = 4.2;
			};
			name = Debug;
		};
		F08CE62321E8ADDE00425ACA /* Release */ = {
			isa = XCBuildConfiguration;
			buildSettings = {
				CLANG_ENABLE_MODULES = YES;
				CODE_SIGN_STYLE = Automatic;
				COMBINE_HIDPI_IMAGES = YES;
				INFOPLIST_FILE = RedBadgerTests/Info.plist;
				LD_RUNPATH_SEARCH_PATHS = (
					"$(inherited)",
					"@executable_path/../Frameworks",
					"@loader_path/../Frameworks",
				);
				PRODUCT_BUNDLE_IDENTIFIER = uk.co.ironworksMediaLimited.RedBadgerTests;
				PRODUCT_NAME = "$(TARGET_NAME)";
				SWIFT_VERSION = 4.2;
			};
			name = Release;
		};
/* End XCBuildConfiguration section */

/* Begin XCConfigurationList section */
		F08CE60921E8AC6600425ACA /* Build configuration list for PBXProject "RedBadger" */ = {
			isa = XCConfigurationList;
			buildConfigurations = (
				F08CE61321E8AC6600425ACA /* Debug */,
				F08CE61421E8AC6600425ACA /* Release */,
			);
			defaultConfigurationIsVisible = 0;
			defaultConfigurationName = Release;
		};
		F08CE61521E8AC6600425ACA /* Build configuration list for PBXNativeTarget "RedBadger" */ = {
			isa = XCConfigurationList;
			buildConfigurations = (
				F08CE61621E8AC6600425ACA /* Debug */,
				F08CE61721E8AC6600425ACA /* Release */,
			);
			defaultConfigurationIsVisible = 0;
			defaultConfigurationName = Release;
		};
		F08CE62121E8ADDE00425ACA /* Build configuration list for PBXNativeTarget "RedBadgerTests" */ = {
			isa = XCConfigurationList;
			buildConfigurations = (
				F08CE62221E8ADDE00425ACA /* Debug */,
				F08CE62321E8ADDE00425ACA /* Release */,
			);
			defaultConfigurationIsVisible = 0;
			defaultConfigurationName = Release;
		};
/* End XCConfigurationList section */
	};
	rootObject = F08CE60621E8AC6600425ACA /* Project object */;
}
